// !$*UTF8*$!
{
	archiveVersion = 1;
	classes = {
	};
	objectVersion = 46;
	objects = {

/* Begin PBXBuildFile section */
		3E3721D11C9AF967009F4E3C /* ViewControllerMap.swift in Sources */ = {isa = PBXBuildFile; fileRef = 3E3721D01C9AF967009F4E3C /* ViewControllerMap.swift */; };
		3E9B1C9B1CA526F8003A8290 /* ProfilViewController.swift in Sources */ = {isa = PBXBuildFile; fileRef = 3E9B1C9A1CA526F8003A8290 /* ProfilViewController.swift */; };
		3E9B1C9D1CA5A224003A8290 /* SpeakerViewController.swift in Sources */ = {isa = PBXBuildFile; fileRef = 3E9B1C9C1CA5A224003A8290 /* SpeakerViewController.swift */; };
		3E9D6E441CA415EE00597B7A /* EventTests.swift in Sources */ = {isa = PBXBuildFile; fileRef = 3E9D6E431CA415EE00597B7A /* EventTests.swift */; };
		3E9D6E461CA440F000597B7A /* EventsTableViewCell.swift in Sources */ = {isa = PBXBuildFile; fileRef = 3E9D6E451CA440F000597B7A /* EventsTableViewCell.swift */; };
		3E9D6E481CA4449400597B7A /* TableViewControllerEvents.swift in Sources */ = {isa = PBXBuildFile; fileRef = 3E9D6E471CA4449400597B7A /* TableViewControllerEvents.swift */; };
		3EB2EAFF1CA2A5A10073736E /* TableViewControllerResto.swift in Sources */ = {isa = PBXBuildFile; fileRef = 3EB2EAFE1CA2A5A10073736E /* TableViewControllerResto.swift */; };
		3EB2EB011CA2F17B0073736E /* RestoTableViewCell.swift in Sources */ = {isa = PBXBuildFile; fileRef = 3EB2EB001CA2F17B0073736E /* RestoTableViewCell.swift */; };
		3EBCFD531CB26FED00C8A861 /* SpeakerViewCell.swift in Sources */ = {isa = PBXBuildFile; fileRef = 3EBCFD521CB26FED00C8A861 /* SpeakerViewCell.swift */; };
		3EBCFD551CB2740F00C8A861 /* SpeakerDescrViewController.swift in Sources */ = {isa = PBXBuildFile; fileRef = 3EBCFD541CB2740F00C8A861 /* SpeakerDescrViewController.swift */; };
		3ED5C68E1C96C6EE006AA967 /* Event+CoreDataProperties.swift in Sources */ = {isa = PBXBuildFile; fileRef = 3ED5C67C1C96C6EE006AA967 /* Event+CoreDataProperties.swift */; };
		3ED5C68F1C96C6EE006AA967 /* Event.swift in Sources */ = {isa = PBXBuildFile; fileRef = 3ED5C67D1C96C6EE006AA967 /* Event.swift */; };
		3ED5C6901C96C6EE006AA967 /* Accomodation+CoreDataProperties.swift in Sources */ = {isa = PBXBuildFile; fileRef = 3ED5C67E1C96C6EE006AA967 /* Accomodation+CoreDataProperties.swift */; };
		3ED5C6911C96C6EE006AA967 /* Accomodation.swift in Sources */ = {isa = PBXBuildFile; fileRef = 3ED5C67F1C96C6EE006AA967 /* Accomodation.swift */; };
		3ED5C6931C96C6EE006AA967 /* EventsSet.swift in Sources */ = {isa = PBXBuildFile; fileRef = 3ED5C6811C96C6EE006AA967 /* EventsSet.swift */; };
		3ED5C6941C96C6EE006AA967 /* Restaurant+CoreDataProperties.swift in Sources */ = {isa = PBXBuildFile; fileRef = 3ED5C6821C96C6EE006AA967 /* Restaurant+CoreDataProperties.swift */; };
		3ED5C6951C96C6EE006AA967 /* Restaurant.swift in Sources */ = {isa = PBXBuildFile; fileRef = 3ED5C6831C96C6EE006AA967 /* Restaurant.swift */; };
		3ED5C6961C96C6EE006AA967 /* ActivityType+CoreDataProperties.swift in Sources */ = {isa = PBXBuildFile; fileRef = 3ED5C6841C96C6EE006AA967 /* ActivityType+CoreDataProperties.swift */; };
		3ED5C6971C96C6EE006AA967 /* ActivityType.swift in Sources */ = {isa = PBXBuildFile; fileRef = 3ED5C6851C96C6EE006AA967 /* ActivityType.swift */; };
		3ED5C6981C96C6EE006AA967 /* Location+CoreDataProperties.swift in Sources */ = {isa = PBXBuildFile; fileRef = 3ED5C6861C96C6EE006AA967 /* Location+CoreDataProperties.swift */; };
		3ED5C6991C96C6EE006AA967 /* Location.swift in Sources */ = {isa = PBXBuildFile; fileRef = 3ED5C6871C96C6EE006AA967 /* Location.swift */; };
		3ED5C69A1C96C6EE006AA967 /* Speaker+CoreDataProperties.swift in Sources */ = {isa = PBXBuildFile; fileRef = 3ED5C6881C96C6EE006AA967 /* Speaker+CoreDataProperties.swift */; };
		3ED5C69B1C96C6EE006AA967 /* Speaker.swift in Sources */ = {isa = PBXBuildFile; fileRef = 3ED5C6891C96C6EE006AA967 /* Speaker.swift */; };
		3ED5C69C1C96C6EE006AA967 /* User+CoreDataProperties.swift in Sources */ = {isa = PBXBuildFile; fileRef = 3ED5C68A1C96C6EE006AA967 /* User+CoreDataProperties.swift */; };
		3ED5C69D1C96C6EE006AA967 /* User.swift in Sources */ = {isa = PBXBuildFile; fileRef = 3ED5C68B1C96C6EE006AA967 /* User.swift */; };
		3ED5C69F1C96C6EE006AA967 /* SpeakersSet.swift in Sources */ = {isa = PBXBuildFile; fileRef = 3ED5C68D1C96C6EE006AA967 /* SpeakersSet.swift */; };
		7F76B8B01C6372F30061DE36 /* AppDelegate.swift in Sources */ = {isa = PBXBuildFile; fileRef = 7F76B8AF1C6372F30061DE36 /* AppDelegate.swift */; };
		7F76B8B21C6372F30061DE36 /* ViewController.swift in Sources */ = {isa = PBXBuildFile; fileRef = 7F76B8B11C6372F30061DE36 /* ViewController.swift */; };
		7F76B8B51C6372F30061DE36 /* Main.storyboard in Resources */ = {isa = PBXBuildFile; fileRef = 7F76B8B31C6372F30061DE36 /* Main.storyboard */; };
		7F76B8B81C6372F30061DE36 /* fisu_app.xcdatamodeld in Sources */ = {isa = PBXBuildFile; fileRef = 7F76B8B61C6372F30061DE36 /* fisu_app.xcdatamodeld */; };
		7F76B8BA1C6372F30061DE36 /* Assets.xcassets in Resources */ = {isa = PBXBuildFile; fileRef = 7F76B8B91C6372F30061DE36 /* Assets.xcassets */; };
		7F76B8BD1C6372F30061DE36 /* LaunchScreen.storyboard in Resources */ = {isa = PBXBuildFile; fileRef = 7F76B8BB1C6372F30061DE36 /* LaunchScreen.storyboard */; };
		7F76B8C81C6372F30061DE36 /* fisu_appTests.swift in Sources */ = {isa = PBXBuildFile; fileRef = 7F76B8C71C6372F30061DE36 /* fisu_appTests.swift */; };
		7F76B8D31C6372F30061DE36 /* fisu_appUITests.swift in Sources */ = {isa = PBXBuildFile; fileRef = 7F76B8D21C6372F30061DE36 /* fisu_appUITests.swift */; };
/* End PBXBuildFile section */

/* Begin PBXContainerItemProxy section */
		7F76B8C41C6372F30061DE36 /* PBXContainerItemProxy */ = {
			isa = PBXContainerItemProxy;
			containerPortal = 7F76B8A41C6372F30061DE36 /* Project object */;
			proxyType = 1;
			remoteGlobalIDString = 7F76B8AB1C6372F30061DE36;
			remoteInfo = "fisu-app";
		};
		7F76B8CF1C6372F30061DE36 /* PBXContainerItemProxy */ = {
			isa = PBXContainerItemProxy;
			containerPortal = 7F76B8A41C6372F30061DE36 /* Project object */;
			proxyType = 1;
			remoteGlobalIDString = 7F76B8AB1C6372F30061DE36;
			remoteInfo = "fisu-app";
		};
/* End PBXContainerItemProxy section */

/* Begin PBXFileReference section */
		3E3721D01C9AF967009F4E3C /* ViewControllerMap.swift */ = {isa = PBXFileReference; fileEncoding = 4; lastKnownFileType = sourcecode.swift; path = ViewControllerMap.swift; sourceTree = "<group>"; };
		3E9B1C9A1CA526F8003A8290 /* ProfilViewController.swift */ = {isa = PBXFileReference; fileEncoding = 4; lastKnownFileType = sourcecode.swift; path = ProfilViewController.swift; sourceTree = "<group>"; };
		3E9B1C9C1CA5A224003A8290 /* SpeakerViewController.swift */ = {isa = PBXFileReference; fileEncoding = 4; lastKnownFileType = sourcecode.swift; path = SpeakerViewController.swift; sourceTree = "<group>"; };
		3E9D6E431CA415EE00597B7A /* EventTests.swift */ = {isa = PBXFileReference; fileEncoding = 4; lastKnownFileType = sourcecode.swift; path = EventTests.swift; sourceTree = "<group>"; };
		3E9D6E451CA440F000597B7A /* EventsTableViewCell.swift */ = {isa = PBXFileReference; fileEncoding = 4; lastKnownFileType = sourcecode.swift; path = EventsTableViewCell.swift; sourceTree = "<group>"; };
		3E9D6E471CA4449400597B7A /* TableViewControllerEvents.swift */ = {isa = PBXFileReference; fileEncoding = 4; lastKnownFileType = sourcecode.swift; path = TableViewControllerEvents.swift; sourceTree = "<group>"; };
		3EB2EAFE1CA2A5A10073736E /* TableViewControllerResto.swift */ = {isa = PBXFileReference; fileEncoding = 4; lastKnownFileType = sourcecode.swift; path = TableViewControllerResto.swift; sourceTree = "<group>"; };
		3EB2EB001CA2F17B0073736E /* RestoTableViewCell.swift */ = {isa = PBXFileReference; fileEncoding = 4; lastKnownFileType = sourcecode.swift; path = RestoTableViewCell.swift; sourceTree = "<group>"; };
		3EBCFD521CB26FED00C8A861 /* SpeakerViewCell.swift */ = {isa = PBXFileReference; fileEncoding = 4; lastKnownFileType = sourcecode.swift; path = SpeakerViewCell.swift; sourceTree = "<group>"; };
		3EBCFD541CB2740F00C8A861 /* SpeakerDescrViewController.swift */ = {isa = PBXFileReference; fileEncoding = 4; lastKnownFileType = sourcecode.swift; path = SpeakerDescrViewController.swift; sourceTree = "<group>"; };
		3ED5C67C1C96C6EE006AA967 /* Event+CoreDataProperties.swift */ = {isa = PBXFileReference; fileEncoding = 4; lastKnownFileType = sourcecode.swift; path = "Event+CoreDataProperties.swift"; sourceTree = "<group>"; };
		3ED5C67D1C96C6EE006AA967 /* Event.swift */ = {isa = PBXFileReference; fileEncoding = 4; lastKnownFileType = sourcecode.swift; path = Event.swift; sourceTree = "<group>"; };
		3ED5C67E1C96C6EE006AA967 /* Accomodation+CoreDataProperties.swift */ = {isa = PBXFileReference; fileEncoding = 4; lastKnownFileType = sourcecode.swift; path = "Accomodation+CoreDataProperties.swift"; sourceTree = "<group>"; };
		3ED5C67F1C96C6EE006AA967 /* Accomodation.swift */ = {isa = PBXFileReference; fileEncoding = 4; lastKnownFileType = sourcecode.swift; path = Accomodation.swift; sourceTree = "<group>"; };
		3ED5C6811C96C6EE006AA967 /* EventsSet.swift */ = {isa = PBXFileReference; fileEncoding = 4; lastKnownFileType = sourcecode.swift; path = EventsSet.swift; sourceTree = "<group>"; };
		3ED5C6821C96C6EE006AA967 /* Restaurant+CoreDataProperties.swift */ = {isa = PBXFileReference; fileEncoding = 4; lastKnownFileType = sourcecode.swift; path = "Restaurant+CoreDataProperties.swift"; sourceTree = "<group>"; };
		3ED5C6831C96C6EE006AA967 /* Restaurant.swift */ = {isa = PBXFileReference; fileEncoding = 4; lastKnownFileType = sourcecode.swift; path = Restaurant.swift; sourceTree = "<group>"; };
		3ED5C6841C96C6EE006AA967 /* ActivityType+CoreDataProperties.swift */ = {isa = PBXFileReference; fileEncoding = 4; lastKnownFileType = sourcecode.swift; path = "ActivityType+CoreDataProperties.swift"; sourceTree = "<group>"; };
		3ED5C6851C96C6EE006AA967 /* ActivityType.swift */ = {isa = PBXFileReference; fileEncoding = 4; lastKnownFileType = sourcecode.swift; path = ActivityType.swift; sourceTree = "<group>"; };
		3ED5C6861C96C6EE006AA967 /* Location+CoreDataProperties.swift */ = {isa = PBXFileReference; fileEncoding = 4; lastKnownFileType = sourcecode.swift; path = "Location+CoreDataProperties.swift"; sourceTree = "<group>"; };
		3ED5C6871C96C6EE006AA967 /* Location.swift */ = {isa = PBXFileReference; fileEncoding = 4; lastKnownFileType = sourcecode.swift; path = Location.swift; sourceTree = "<group>"; };
		3ED5C6881C96C6EE006AA967 /* Speaker+CoreDataProperties.swift */ = {isa = PBXFileReference; fileEncoding = 4; lastKnownFileType = sourcecode.swift; path = "Speaker+CoreDataProperties.swift"; sourceTree = "<group>"; };
		3ED5C6891C96C6EE006AA967 /* Speaker.swift */ = {isa = PBXFileReference; fileEncoding = 4; lastKnownFileType = sourcecode.swift; path = Speaker.swift; sourceTree = "<group>"; };
		3ED5C68A1C96C6EE006AA967 /* User+CoreDataProperties.swift */ = {isa = PBXFileReference; fileEncoding = 4; lastKnownFileType = sourcecode.swift; path = "User+CoreDataProperties.swift"; sourceTree = "<group>"; };
		3ED5C68B1C96C6EE006AA967 /* User.swift */ = {isa = PBXFileReference; fileEncoding = 4; lastKnownFileType = sourcecode.swift; path = User.swift; sourceTree = "<group>"; };
		3ED5C68D1C96C6EE006AA967 /* SpeakersSet.swift */ = {isa = PBXFileReference; fileEncoding = 4; lastKnownFileType = sourcecode.swift; path = SpeakersSet.swift; sourceTree = "<group>"; };
		7F76B8AC1C6372F30061DE36 /* fisu-app.app */ = {isa = PBXFileReference; explicitFileType = wrapper.application; includeInIndex = 0; path = "fisu-app.app"; sourceTree = BUILT_PRODUCTS_DIR; };
		7F76B8AF1C6372F30061DE36 /* AppDelegate.swift */ = {isa = PBXFileReference; lastKnownFileType = sourcecode.swift; path = AppDelegate.swift; sourceTree = "<group>"; };
		7F76B8B11C6372F30061DE36 /* ViewController.swift */ = {isa = PBXFileReference; lastKnownFileType = sourcecode.swift; path = ViewController.swift; sourceTree = "<group>"; };
		7F76B8B41C6372F30061DE36 /* Base */ = {isa = PBXFileReference; lastKnownFileType = file.storyboard; name = Base; path = Base.lproj/Main.storyboard; sourceTree = "<group>"; };
		7F76B8B71C6372F30061DE36 /* fisu_app.xcdatamodel */ = {isa = PBXFileReference; lastKnownFileType = wrapper.xcdatamodel; path = fisu_app.xcdatamodel; sourceTree = "<group>"; };
		7F76B8B91C6372F30061DE36 /* Assets.xcassets */ = {isa = PBXFileReference; lastKnownFileType = folder.assetcatalog; path = Assets.xcassets; sourceTree = "<group>"; };
		7F76B8BC1C6372F30061DE36 /* Base */ = {isa = PBXFileReference; lastKnownFileType = file.storyboard; name = Base; path = Base.lproj/LaunchScreen.storyboard; sourceTree = "<group>"; };
		7F76B8BE1C6372F30061DE36 /* Info.plist */ = {isa = PBXFileReference; lastKnownFileType = text.plist.xml; path = Info.plist; sourceTree = "<group>"; };
		7F76B8C31C6372F30061DE36 /* fisu-appTests.xctest */ = {isa = PBXFileReference; explicitFileType = wrapper.cfbundle; includeInIndex = 0; path = "fisu-appTests.xctest"; sourceTree = BUILT_PRODUCTS_DIR; };
		7F76B8C71C6372F30061DE36 /* fisu_appTests.swift */ = {isa = PBXFileReference; lastKnownFileType = sourcecode.swift; path = fisu_appTests.swift; sourceTree = "<group>"; };
		7F76B8C91C6372F30061DE36 /* Info.plist */ = {isa = PBXFileReference; lastKnownFileType = text.plist.xml; path = Info.plist; sourceTree = "<group>"; };
		7F76B8CE1C6372F30061DE36 /* fisu-appUITests.xctest */ = {isa = PBXFileReference; explicitFileType = wrapper.cfbundle; includeInIndex = 0; path = "fisu-appUITests.xctest"; sourceTree = BUILT_PRODUCTS_DIR; };
		7F76B8D21C6372F30061DE36 /* fisu_appUITests.swift */ = {isa = PBXFileReference; lastKnownFileType = sourcecode.swift; path = fisu_appUITests.swift; sourceTree = "<group>"; };
		7F76B8D41C6372F30061DE36 /* Info.plist */ = {isa = PBXFileReference; lastKnownFileType = text.plist.xml; path = Info.plist; sourceTree = "<group>"; };
/* End PBXFileReference section */

/* Begin PBXFrameworksBuildPhase section */
		7F76B8A91C6372F30061DE36 /* Frameworks */ = {
			isa = PBXFrameworksBuildPhase;
			buildActionMask = 2147483647;
			files = (
			);
			runOnlyForDeploymentPostprocessing = 0;
		};
		7F76B8C01C6372F30061DE36 /* Frameworks */ = {
			isa = PBXFrameworksBuildPhase;
			buildActionMask = 2147483647;
			files = (
			);
			runOnlyForDeploymentPostprocessing = 0;
		};
		7F76B8CB1C6372F30061DE36 /* Frameworks */ = {
			isa = PBXFrameworksBuildPhase;
			buildActionMask = 2147483647;
			files = (
			);
			runOnlyForDeploymentPostprocessing = 0;
		};
/* End PBXFrameworksBuildPhase section */

/* Begin PBXGroup section */
		7F76B8A31C6372F30061DE36 = {
			isa = PBXGroup;
			children = (
				7F76B8AE1C6372F30061DE36 /* fisu-app */,
				7F76B8C61C6372F30061DE36 /* fisu-appTests */,
				7F76B8D11C6372F30061DE36 /* fisu-appUITests */,
				7F76B8AD1C6372F30061DE36 /* Products */,
			);
			sourceTree = "<group>";
		};
		7F76B8AD1C6372F30061DE36 /* Products */ = {
			isa = PBXGroup;
			children = (
				7F76B8AC1C6372F30061DE36 /* fisu-app.app */,
				7F76B8C31C6372F30061DE36 /* fisu-appTests.xctest */,
				7F76B8CE1C6372F30061DE36 /* fisu-appUITests.xctest */,
			);
			name = Products;
			sourceTree = "<group>";
		};
		7F76B8AE1C6372F30061DE36 /* fisu-app */ = {
			isa = PBXGroup;
			children = (
				3ED5C67C1C96C6EE006AA967 /* Event+CoreDataProperties.swift */,
				3ED5C67E1C96C6EE006AA967 /* Accomodation+CoreDataProperties.swift */,
				3ED5C6821C96C6EE006AA967 /* Restaurant+CoreDataProperties.swift */,
				3ED5C6841C96C6EE006AA967 /* ActivityType+CoreDataProperties.swift */,
				3ED5C6861C96C6EE006AA967 /* Location+CoreDataProperties.swift */,
				3ED5C6881C96C6EE006AA967 /* Speaker+CoreDataProperties.swift */,
				3ED5C68A1C96C6EE006AA967 /* User+CoreDataProperties.swift */,
				3ED5C67D1C96C6EE006AA967 /* Event.swift */,
				3ED5C6811C96C6EE006AA967 /* EventsSet.swift */,
				3ED5C67F1C96C6EE006AA967 /* Accomodation.swift */,
				3ED5C6831C96C6EE006AA967 /* Restaurant.swift */,
				3ED5C6851C96C6EE006AA967 /* ActivityType.swift */,
				3ED5C6871C96C6EE006AA967 /* Location.swift */,
				3ED5C6891C96C6EE006AA967 /* Speaker.swift */,
				3ED5C68D1C96C6EE006AA967 /* SpeakersSet.swift */,
				3ED5C68B1C96C6EE006AA967 /* User.swift */,
				7F76B8AF1C6372F30061DE36 /* AppDelegate.swift */,
				3E9B1C9A1CA526F8003A8290 /* ProfilViewController.swift */,
				3E3721D01C9AF967009F4E3C /* ViewControllerMap.swift */,
				3EB2EAFE1CA2A5A10073736E /* TableViewControllerResto.swift */,
				3EB2EB001CA2F17B0073736E /* RestoTableViewCell.swift */,
				3E9D6E451CA440F000597B7A /* EventsTableViewCell.swift */,
				3E9D6E471CA4449400597B7A /* TableViewControllerEvents.swift */,
				3E9B1C9C1CA5A224003A8290 /* SpeakerViewController.swift */,
				3EBCFD541CB2740F00C8A861 /* SpeakerDescrViewController.swift */,
				3EBCFD521CB26FED00C8A861 /* SpeakerViewCell.swift */,
				7F76B8B11C6372F30061DE36 /* ViewController.swift */,
				7F76B8B31C6372F30061DE36 /* Main.storyboard */,
				7F76B8B61C6372F30061DE36 /* fisu_app.xcdatamodeld */,
				7F76B8B91C6372F30061DE36 /* Assets.xcassets */,
				7F76B8BB1C6372F30061DE36 /* LaunchScreen.storyboard */,
				7F76B8BE1C6372F30061DE36 /* Info.plist */,
			);
			path = "fisu-app";
			sourceTree = "<group>";
		};
		7F76B8C61C6372F30061DE36 /* fisu-appTests */ = {
			isa = PBXGroup;
			children = (
				7F76B8C71C6372F30061DE36 /* fisu_appTests.swift */,
				3E9D6E431CA415EE00597B7A /* EventTests.swift */,
				7F76B8C91C6372F30061DE36 /* Info.plist */,
			);
			path = "fisu-appTests";
			sourceTree = "<group>";
		};
		7F76B8D11C6372F30061DE36 /* fisu-appUITests */ = {
			isa = PBXGroup;
			children = (
				7F76B8D21C6372F30061DE36 /* fisu_appUITests.swift */,
				7F76B8D41C6372F30061DE36 /* Info.plist */,
			);
			path = "fisu-appUITests";
			sourceTree = "<group>";
		};
/* End PBXGroup section */

/* Begin PBXNativeTarget section */
		7F76B8AB1C6372F30061DE36 /* fisu-app */ = {
			isa = PBXNativeTarget;
			buildConfigurationList = 7F76B8D71C6372F30061DE36 /* Build configuration list for PBXNativeTarget "fisu-app" */;
			buildPhases = (
				7F76B8A81C6372F30061DE36 /* Sources */,
				7F76B8A91C6372F30061DE36 /* Frameworks */,
				7F76B8AA1C6372F30061DE36 /* Resources */,
			);
			buildRules = (
			);
			dependencies = (
			);
			name = "fisu-app";
			productName = "fisu-app";
			productReference = 7F76B8AC1C6372F30061DE36 /* fisu-app.app */;
			productType = "com.apple.product-type.application";
		};
		7F76B8C21C6372F30061DE36 /* fisu-appTests */ = {
			isa = PBXNativeTarget;
			buildConfigurationList = 7F76B8DA1C6372F30061DE36 /* Build configuration list for PBXNativeTarget "fisu-appTests" */;
			buildPhases = (
				7F76B8BF1C6372F30061DE36 /* Sources */,
				7F76B8C01C6372F30061DE36 /* Frameworks */,
				7F76B8C11C6372F30061DE36 /* Resources */,
			);
			buildRules = (
			);
			dependencies = (
				7F76B8C51C6372F30061DE36 /* PBXTargetDependency */,
			);
			name = "fisu-appTests";
			productName = "fisu-appTests";
			productReference = 7F76B8C31C6372F30061DE36 /* fisu-appTests.xctest */;
			productType = "com.apple.product-type.bundle.unit-test";
		};
		7F76B8CD1C6372F30061DE36 /* fisu-appUITests */ = {
			isa = PBXNativeTarget;
			buildConfigurationList = 7F76B8DD1C6372F30061DE36 /* Build configuration list for PBXNativeTarget "fisu-appUITests" */;
			buildPhases = (
				7F76B8CA1C6372F30061DE36 /* Sources */,
				7F76B8CB1C6372F30061DE36 /* Frameworks */,
				7F76B8CC1C6372F30061DE36 /* Resources */,
			);
			buildRules = (
			);
			dependencies = (
				7F76B8D01C6372F30061DE36 /* PBXTargetDependency */,
			);
			name = "fisu-appUITests";
			productName = "fisu-appUITests";
			productReference = 7F76B8CE1C6372F30061DE36 /* fisu-appUITests.xctest */;
			productType = "com.apple.product-type.bundle.ui-testing";
		};
/* End PBXNativeTarget section */

/* Begin PBXProject section */
		7F76B8A41C6372F30061DE36 /* Project object */ = {
			isa = PBXProject;
			attributes = {
				LastSwiftUpdateCheck = 0720;
				LastUpgradeCheck = 0710;
				ORGANIZATIONNAME = "Faure Geoffray";
				TargetAttributes = {
					7F76B8AB1C6372F30061DE36 = {
						CreatedOnToolsVersion = 7.1;
						DevelopmentTeam = MSF75J8PZG;
					};
					7F76B8C21C6372F30061DE36 = {
						CreatedOnToolsVersion = 7.1;
						TestTargetID = 7F76B8AB1C6372F30061DE36;
					};
					7F76B8CD1C6372F30061DE36 = {
						CreatedOnToolsVersion = 7.1;
						TestTargetID = 7F76B8AB1C6372F30061DE36;
					};
				};
			};
			buildConfigurationList = 7F76B8A71C6372F30061DE36 /* Build configuration list for PBXProject "fisu-app" */;
			compatibilityVersion = "Xcode 3.2";
			developmentRegion = English;
			hasScannedForEncodings = 0;
			knownRegions = (
				en,
				Base,
			);
			mainGroup = 7F76B8A31C6372F30061DE36;
			productRefGroup = 7F76B8AD1C6372F30061DE36 /* Products */;
			projectDirPath = "";
			projectRoot = "";
			targets = (
				7F76B8AB1C6372F30061DE36 /* fisu-app */,
				7F76B8C21C6372F30061DE36 /* fisu-appTests */,
				7F76B8CD1C6372F30061DE36 /* fisu-appUITests */,
			);
		};
/* End PBXProject section */

/* Begin PBXResourcesBuildPhase section */
		7F76B8AA1C6372F30061DE36 /* Resources */ = {
			isa = PBXResourcesBuildPhase;
			buildActionMask = 2147483647;
			files = (
				7F76B8BD1C6372F30061DE36 /* LaunchScreen.storyboard in Resources */,
				7F76B8BA1C6372F30061DE36 /* Assets.xcassets in Resources */,
				7F76B8B51C6372F30061DE36 /* Main.storyboard in Resources */,
			);
			runOnlyForDeploymentPostprocessing = 0;
		};
		7F76B8C11C6372F30061DE36 /* Resources */ = {
			isa = PBXResourcesBuildPhase;
			buildActionMask = 2147483647;
			files = (
			);
			runOnlyForDeploymentPostprocessing = 0;
		};
		7F76B8CC1C6372F30061DE36 /* Resources */ = {
			isa = PBXResourcesBuildPhase;
			buildActionMask = 2147483647;
			files = (
			);
			runOnlyForDeploymentPostprocessing = 0;
		};
/* End PBXResourcesBuildPhase section */

/* Begin PBXSourcesBuildPhase section */
		7F76B8A81C6372F30061DE36 /* Sources */ = {
			isa = PBXSourcesBuildPhase;
			buildActionMask = 2147483647;
			files = (
				3EBCFD551CB2740F00C8A861 /* SpeakerDescrViewController.swift in Sources */,
				3E9B1C9D1CA5A224003A8290 /* SpeakerViewController.swift in Sources */,
				3E9D6E461CA440F000597B7A /* EventsTableViewCell.swift in Sources */,
				3E9B1C9B1CA526F8003A8290 /* ProfilViewController.swift in Sources */,
				3ED5C69B1C96C6EE006AA967 /* Speaker.swift in Sources */,
				3ED5C6951C96C6EE006AA967 /* Restaurant.swift in Sources */,
				3ED5C6901C96C6EE006AA967 /* Accomodation+CoreDataProperties.swift in Sources */,
				3E3721D11C9AF967009F4E3C /* ViewControllerMap.swift in Sources */,
				3ED5C69F1C96C6EE006AA967 /* SpeakersSet.swift in Sources */,
				3ED5C69A1C96C6EE006AA967 /* Speaker+CoreDataProperties.swift in Sources */,
				7F76B8B21C6372F30061DE36 /* ViewController.swift in Sources */,
				3EBCFD531CB26FED00C8A861 /* SpeakerViewCell.swift in Sources */,
				3EB2EB011CA2F17B0073736E /* RestoTableViewCell.swift in Sources */,
				3EB2EAFF1CA2A5A10073736E /* TableViewControllerResto.swift in Sources */,
				7F76B8B81C6372F30061DE36 /* fisu_app.xcdatamodeld in Sources */,
				3ED5C6931C96C6EE006AA967 /* EventsSet.swift in Sources */,
				3ED5C6941C96C6EE006AA967 /* Restaurant+CoreDataProperties.swift in Sources */,
				3ED5C69C1C96C6EE006AA967 /* User+CoreDataProperties.swift in Sources */,
				3ED5C6961C96C6EE006AA967 /* ActivityType+CoreDataProperties.swift in Sources */,
				3ED5C6991C96C6EE006AA967 /* Location.swift in Sources */,
				3ED5C68E1C96C6EE006AA967 /* Event+CoreDataProperties.swift in Sources */,
				3ED5C6981C96C6EE006AA967 /* Location+CoreDataProperties.swift in Sources */,
				7F76B8B01C6372F30061DE36 /* AppDelegate.swift in Sources */,
				3ED5C6971C96C6EE006AA967 /* ActivityType.swift in Sources */,
				3ED5C68F1C96C6EE006AA967 /* Event.swift in Sources */,
				3ED5C6911C96C6EE006AA967 /* Accomodation.swift in Sources */,
				3E9D6E481CA4449400597B7A /* TableViewControllerEvents.swift in Sources */,
				3ED5C69D1C96C6EE006AA967 /* User.swift in Sources */,
			);
			runOnlyForDeploymentPostprocessing = 0;
		};
		7F76B8BF1C6372F30061DE36 /* Sources */ = {
			isa = PBXSourcesBuildPhase;
			buildActionMask = 2147483647;
			files = (
				3E9D6E441CA415EE00597B7A /* EventTests.swift in Sources */,
				7F76B8C81C6372F30061DE36 /* fisu_appTests.swift in Sources */,
			);
			runOnlyForDeploymentPostprocessing = 0;
		};
		7F76B8CA1C6372F30061DE36 /* Sources */ = {
			isa = PBXSourcesBuildPhase;
			buildActionMask = 2147483647;
			files = (
				7F76B8D31C6372F30061DE36 /* fisu_appUITests.swift in Sources */,
			);
			runOnlyForDeploymentPostprocessing = 0;
		};
/* End PBXSourcesBuildPhase section */

/* Begin PBXTargetDependency section */
		7F76B8C51C6372F30061DE36 /* PBXTargetDependency */ = {
			isa = PBXTargetDependency;
			target = 7F76B8AB1C6372F30061DE36 /* fisu-app */;
			targetProxy = 7F76B8C41C6372F30061DE36 /* PBXContainerItemProxy */;
		};
		7F76B8D01C6372F30061DE36 /* PBXTargetDependency */ = {
			isa = PBXTargetDependency;
			target = 7F76B8AB1C6372F30061DE36 /* fisu-app */;
			targetProxy = 7F76B8CF1C6372F30061DE36 /* PBXContainerItemProxy */;
		};
/* End PBXTargetDependency section */

/* Begin PBXVariantGroup section */
		7F76B8B31C6372F30061DE36 /* Main.storyboard */ = {
			isa = PBXVariantGroup;
			children = (
				7F76B8B41C6372F30061DE36 /* Base */,
			);
			name = Main.storyboard;
			sourceTree = "<group>";
		};
		7F76B8BB1C6372F30061DE36 /* LaunchScreen.storyboard */ = {
			isa = PBXVariantGroup;
			children = (
				7F76B8BC1C6372F30061DE36 /* Base */,
			);
			name = LaunchScreen.storyboard;
			sourceTree = "<group>";
		};
/* End PBXVariantGroup section */

/* Begin XCBuildConfiguration section */
		7F76B8D51C6372F30061DE36 /* Debug */ = {
			isa = XCBuildConfiguration;
			buildSettings = {
				ALWAYS_SEARCH_USER_PATHS = NO;
				CLANG_CXX_LANGUAGE_STANDARD = "gnu++0x";
				CLANG_CXX_LIBRARY = "libc++";
				CLANG_ENABLE_MODULES = YES;
				CLANG_ENABLE_OBJC_ARC = YES;
				CLANG_WARN_BOOL_CONVERSION = YES;
				CLANG_WARN_CONSTANT_CONVERSION = YES;
				CLANG_WARN_DIRECT_OBJC_ISA_USAGE = YES_ERROR;
				CLANG_WARN_EMPTY_BODY = YES;
				CLANG_WARN_ENUM_CONVERSION = YES;
				CLANG_WARN_INT_CONVERSION = YES;
				CLANG_WARN_OBJC_ROOT_CLASS = YES_ERROR;
				CLANG_WARN_UNREACHABLE_CODE = YES;
				CLANG_WARN__DUPLICATE_METHOD_MATCH = YES;
				"CODE_SIGN_IDENTITY[sdk=iphoneos*]" = "iPhone Developer";
				COPY_PHASE_STRIP = NO;
				DEBUG_INFORMATION_FORMAT = dwarf;
				ENABLE_STRICT_OBJC_MSGSEND = YES;
				ENABLE_TESTABILITY = YES;
				GCC_C_LANGUAGE_STANDARD = gnu99;
				GCC_DYNAMIC_NO_PIC = NO;
				GCC_NO_COMMON_BLOCKS = YES;
				GCC_OPTIMIZATION_LEVEL = 0;
				GCC_PREPROCESSOR_DEFINITIONS = (
					"DEBUG=1",
					"$(inherited)",
				);
				GCC_WARN_64_TO_32_BIT_CONVERSION = YES;
				GCC_WARN_ABOUT_RETURN_TYPE = YES_ERROR;
				GCC_WARN_UNDECLARED_SELECTOR = YES;
				GCC_WARN_UNINITIALIZED_AUTOS = YES_AGGRESSIVE;
				GCC_WARN_UNUSED_FUNCTION = YES;
				GCC_WARN_UNUSED_VARIABLE = YES;
				IPHONEOS_DEPLOYMENT_TARGET = 9.1;
				MTL_ENABLE_DEBUG_INFO = YES;
				ONLY_ACTIVE_ARCH = YES;
				SDKROOT = iphoneos;
				SWIFT_OPTIMIZATION_LEVEL = "-Onone";
				TARGETED_DEVICE_FAMILY = "1,2";
			};
			name = Debug;
		};
		7F76B8D61C6372F30061DE36 /* Release */ = {
			isa = XCBuildConfiguration;
			buildSettings = {
				ALWAYS_SEARCH_USER_PATHS = NO;
				CLANG_CXX_LANGUAGE_STANDARD = "gnu++0x";
				CLANG_CXX_LIBRARY = "libc++";
				CLANG_ENABLE_MODULES = YES;
				CLANG_ENABLE_OBJC_ARC = YES;
				CLANG_WARN_BOOL_CONVERSION = YES;
				CLANG_WARN_CONSTANT_CONVERSION = YES;
				CLANG_WARN_DIRECT_OBJC_ISA_USAGE = YES_ERROR;
				CLANG_WARN_EMPTY_BODY = YES;
				CLANG_WARN_ENUM_CONVERSION = YES;
				CLANG_WARN_INT_CONVERSION = YES;
				CLANG_WARN_OBJC_ROOT_CLASS = YES_ERROR;
				CLANG_WARN_UNREACHABLE_CODE = YES;
				CLANG_WARN__DUPLICATE_METHOD_MATCH = YES;
				"CODE_SIGN_IDENTITY[sdk=iphoneos*]" = "iPhone Developer";
				COPY_PHASE_STRIP = NO;
				DEBUG_INFORMATION_FORMAT = "dwarf-with-dsym";
				ENABLE_NS_ASSERTIONS = NO;
				ENABLE_STRICT_OBJC_MSGSEND = YES;
				GCC_C_LANGUAGE_STANDARD = gnu99;
				GCC_NO_COMMON_BLOCKS = YES;
				GCC_WARN_64_TO_32_BIT_CONVERSION = YES;
				GCC_WARN_ABOUT_RETURN_TYPE = YES_ERROR;
				GCC_WARN_UNDECLARED_SELECTOR = YES;
				GCC_WARN_UNINITIALIZED_AUTOS = YES_AGGRESSIVE;
				GCC_WARN_UNUSED_FUNCTION = YES;
				GCC_WARN_UNUSED_VARIABLE = YES;
				IPHONEOS_DEPLOYMENT_TARGET = 9.1;
				MTL_ENABLE_DEBUG_INFO = NO;
				SDKROOT = iphoneos;
				TARGETED_DEVICE_FAMILY = "1,2";
				VALIDATE_PRODUCT = YES;
			};
			name = Release;
		};
		7F76B8D81C6372F30061DE36 /* Debug */ = {
			isa = XCBuildConfiguration;
			buildSettings = {
				ASSETCATALOG_COMPILER_APPICON_NAME = AppIcon;
				CLANG_ENABLE_MODULES = YES;
				CODE_SIGN_IDENTITY = "iPhone Developer";
				"CODE_SIGN_IDENTITY[sdk=iphoneos*]" = "iPhone Developer";
				INFOPLIST_FILE = "fisu-app/Info.plist";
				LD_RUNPATH_SEARCH_PATHS = "$(inherited) @executable_path/Frameworks";
				PRODUCT_BUNDLE_IDENTIFIER = "fageo.fisu-app";
				PRODUCT_NAME = "$(TARGET_NAME)";
				PROVISIONING_PROFILE = "";
				SWIFT_OPTIMIZATION_LEVEL = "-Onone";
				TARGETED_DEVICE_FAMILY = "1,2";
			};
			name = Debug;
		};
		7F76B8D91C6372F30061DE36 /* Release */ = {
			isa = XCBuildConfiguration;
			buildSettings = {
				ASSETCATALOG_COMPILER_APPICON_NAME = AppIcon;
				CLANG_ENABLE_MODULES = YES;
				CODE_SIGN_IDENTITY = "iPhone Developer";
				"CODE_SIGN_IDENTITY[sdk=iphoneos*]" = "iPhone Developer";
				INFOPLIST_FILE = "fisu-app/Info.plist";
				LD_RUNPATH_SEARCH_PATHS = "$(inherited) @executable_path/Frameworks";
				PRODUCT_BUNDLE_IDENTIFIER = "fageo.fisu-app";
				PRODUCT_NAME = "$(TARGET_NAME)";
				PROVISIONING_PROFILE = "";
				TARGETED_DEVICE_FAMILY = "1,2";
			};
			name = Release;
		};
		7F76B8DB1C6372F30061DE36 /* Debug */ = {
			isa = XCBuildConfiguration;
			buildSettings = {
				BUNDLE_LOADER = "$(TEST_HOST)";
				INFOPLIST_FILE = "fisu-appTests/Info.plist";
				LD_RUNPATH_SEARCH_PATHS = "$(inherited) @executable_path/Frameworks @loader_path/Frameworks";
				PRODUCT_BUNDLE_IDENTIFIER = "fageo.fisu-appTests";
				PRODUCT_NAME = "$(TARGET_NAME)";
				TEST_HOST = "$(BUILT_PRODUCTS_DIR)/fisu-app.app/fisu-app";
			};
			name = Debug;
		};
		7F76B8DC1C6372F30061DE36 /* Release */ = {
			isa = XCBuildConfiguration;
			buildSettings = {
				BUNDLE_LOADER = "$(TEST_HOST)";
				INFOPLIST_FILE = "fisu-appTests/Info.plist";
				LD_RUNPATH_SEARCH_PATHS = "$(inherited) @executable_path/Frameworks @loader_path/Frameworks";
				PRODUCT_BUNDLE_IDENTIFIER = "fageo.fisu-appTests";
				PRODUCT_NAME = "$(TARGET_NAME)";
				TEST_HOST = "$(BUILT_PRODUCTS_DIR)/fisu-app.app/fisu-app";
			};
			name = Release;
		};
		7F76B8DE1C6372F30061DE36 /* Debug */ = {
			isa = XCBuildConfiguration;
			buildSettings = {
				INFOPLIST_FILE = "fisu-appUITests/Info.plist";
				LD_RUNPATH_SEARCH_PATHS = "$(inherited) @executable_path/Frameworks @loader_path/Frameworks";
				PRODUCT_BUNDLE_IDENTIFIER = "fageo.fisu-appUITests";
				PRODUCT_NAME = "$(TARGET_NAME)";
				TEST_TARGET_NAME = "fisu-app";
				USES_XCTRUNNER = YES;
			};
			name = Debug;
		};
		7F76B8DF1C6372F30061DE36 /* Release */ = {
			isa = XCBuildConfiguration;
			buildSettings = {
				INFOPLIST_FILE = "fisu-appUITests/Info.plist";
				LD_RUNPATH_SEARCH_PATHS = "$(inherited) @executable_path/Frameworks @loader_path/Frameworks";
				PRODUCT_BUNDLE_IDENTIFIER = "fageo.fisu-appUITests";
				PRODUCT_NAME = "$(TARGET_NAME)";
				TEST_TARGET_NAME = "fisu-app";
				USES_XCTRUNNER = YES;
			};
			name = Release;
		};
/* End XCBuildConfiguration section */

/* Begin XCConfigurationList section */
		7F76B8A71C6372F30061DE36 /* Build configuration list for PBXProject "fisu-app" */ = {
			isa = XCConfigurationList;
			buildConfigurations = (
				7F76B8D51C6372F30061DE36 /* Debug */,
				7F76B8D61C6372F30061DE36 /* Release */,
			);
			defaultConfigurationIsVisible = 0;
			defaultConfigurationName = Release;
		};
		7F76B8D71C6372F30061DE36 /* Build configuration list for PBXNativeTarget "fisu-app" */ = {
			isa = XCConfigurationList;
			buildConfigurations = (
				7F76B8D81C6372F30061DE36 /* Debug */,
				7F76B8D91C6372F30061DE36 /* Release */,
			);
			defaultConfigurationIsVisible = 0;
			defaultConfigurationName = Release;
		};
		7F76B8DA1C6372F30061DE36 /* Build configuration list for PBXNativeTarget "fisu-appTests" */ = {
			isa = XCConfigurationList;
			buildConfigurations = (
				7F76B8DB1C6372F30061DE36 /* Debug */,
				7F76B8DC1C6372F30061DE36 /* Release */,
			);
			defaultConfigurationIsVisible = 0;
			defaultConfigurationName = Release;
		};
		7F76B8DD1C6372F30061DE36 /* Build configuration list for PBXNativeTarget "fisu-appUITests" */ = {
			isa = XCConfigurationList;
			buildConfigurations = (
				7F76B8DE1C6372F30061DE36 /* Debug */,
				7F76B8DF1C6372F30061DE36 /* Release */,
			);
			defaultConfigurationIsVisible = 0;
			defaultConfigurationName = Release;
		};
/* End XCConfigurationList section */

/* Begin XCVersionGroup section */
		7F76B8B61C6372F30061DE36 /* fisu_app.xcdatamodeld */ = {
			isa = XCVersionGroup;
			children = (
				7F76B8B71C6372F30061DE36 /* fisu_app.xcdatamodel */,
			);
			currentVersion = 7F76B8B71C6372F30061DE36 /* fisu_app.xcdatamodel */;
			path = fisu_app.xcdatamodeld;
			sourceTree = "<group>";
			versionGroupType = wrapper.xcdatamodel;
		};
/* End XCVersionGroup section */
	};
	rootObject = 7F76B8A41C6372F30061DE36 /* Project object */;
}
